{
  "name": "readme-generator",
  "version": "1.0.0",
  "dependencies": {
    "abab": {
      "version": "1.0.3",
      "from": "abab@>=1.0.0 <2.0.0",
      "resolved": "https://registry.npmjs.org/abab/-/abab-1.0.3.tgz"
    },
    "acorn": {
      "version": "2.7.0",
      "from": "acorn@>=2.4.0 <3.0.0",
      "resolved": "https://registry.npmjs.org/acorn/-/acorn-2.7.0.tgz"
    },
    "acorn-globals": {
      "version": "1.0.9",
      "from": "acorn-globals@>=1.0.4 <2.0.0",
      "resolved": "https://registry.npmjs.org/acorn-globals/-/acorn-globals-1.0.9.tgz"
    },
    "amdefine": {
      "version": "1.0.0",
      "from": "amdefine@>=0.0.4",
      "resolved": "https://registry.npmjs.org/amdefine/-/amdefine-1.0.0.tgz"
    },
    "ansi-regex": {
      "version": "2.0.0",
      "from": "ansi-regex@>=2.0.0 <3.0.0",
      "resolved": "https://registry.npmjs.org/ansi-regex/-/ansi-regex-2.0.0.tgz"
    },
    "ansi-styles": {
      "version": "2.2.1",
      "from": "ansi-styles@>=2.2.1 <3.0.0",
      "resolved": "https://registry.npmjs.org/ansi-styles/-/ansi-styles-2.2.1.tgz"
    },
    "array-equal": {
      "version": "1.0.0",
      "from": "array-equal@>=1.0.0 <2.0.0",
      "resolved": "https://registry.npmjs.org/array-equal/-/array-equal-1.0.0.tgz"
    },
    "asn1": {
      "version": "0.2.3",
      "from": "asn1@>=0.2.3 <0.3.0",
      "resolved": "https://registry.npmjs.org/asn1/-/asn1-0.2.3.tgz"
    },
    "assert-plus": {
      "version": "0.2.0",
      "from": "assert-plus@>=0.2.0 <0.3.0",
      "resolved": "https://registry.npmjs.org/assert-plus/-/assert-plus-0.2.0.tgz"
    },
    "async": {
      "version": "1.5.2",
      "from": "async@>=1.5.2 <2.0.0",
      "resolved": "https://registry.npmjs.org/async/-/async-1.5.2.tgz"
    },
    "aws-sign2": {
      "version": "0.6.0",
      "from": "aws-sign2@>=0.6.0 <0.7.0",
      "resolved": "https://registry.npmjs.org/aws-sign2/-/aws-sign2-0.6.0.tgz"
    },
    "aws4": {
      "version": "1.3.2",
      "from": "aws4@>=1.2.1 <2.0.0",
      "resolved": "https://registry.npmjs.org/aws4/-/aws4-1.3.2.tgz",
      "dependencies": {
        "lru-cache": {
          "version": "4.0.1",
          "from": "lru-cache@>=4.0.0 <5.0.0",
          "resolved": "https://registry.npmjs.org/lru-cache/-/lru-cache-4.0.1.tgz"
        }
      }
    },
    "balanced-match": {
      "version": "0.4.1",
      "from": "balanced-match@>=0.4.1 <0.5.0",
      "resolved": "https://registry.npmjs.org/balanced-match/-/balanced-match-0.4.1.tgz"
    },
    "bl": {
      "version": "1.1.2",
      "from": "bl@>=1.1.2 <1.2.0",
      "resolved": "https://registry.npmjs.org/bl/-/bl-1.1.2.tgz",
      "dependencies": {
        "isarray": {
          "version": "1.0.0",
          "from": "isarray@>=1.0.0 <1.1.0",
          "resolved": "https://registry.npmjs.org/isarray/-/isarray-1.0.0.tgz"
        },
        "readable-stream": {
          "version": "2.0.6",
          "from": "readable-stream@>=2.0.5 <2.1.0",
          "resolved": "https://registry.npmjs.org/readable-stream/-/readable-stream-2.0.6.tgz"
        }
      }
    },
    "block-elements": {
      "version": "1.1.0",
      "from": "block-elements@>=1.0.0 <2.0.0",
      "resolved": "https://registry.npmjs.org/block-elements/-/block-elements-1.1.0.tgz"
    },
    "boolbase": {
      "version": "1.0.0",
      "from": "boolbase@>=1.0.0 <1.1.0",
      "resolved": "https://registry.npmjs.org/boolbase/-/boolbase-1.0.0.tgz"
    },
    "boom": {
      "version": "2.10.1",
      "from": "boom@>=2.0.0 <3.0.0",
      "resolved": "https://registry.npmjs.org/boom/-/boom-2.10.1.tgz"
    },
    "brace-expansion": {
      "version": "1.1.4",
      "from": "brace-expansion@>=1.0.0 <2.0.0",
      "resolved": "https://registry.npmjs.org/brace-expansion/-/brace-expansion-1.1.4.tgz"
    },
    "caseless": {
      "version": "0.11.0",
      "from": "caseless@>=0.11.0 <0.12.0",
      "resolved": "https://registry.npmjs.org/caseless/-/caseless-0.11.0.tgz"
    },
    "chalk": {
      "version": "1.1.3",
      "from": "chalk@>=1.1.1 <2.0.0",
      "resolved": "https://registry.npmjs.org/chalk/-/chalk-1.1.3.tgz"
    },
    "cheerio": {
      "version": "0.19.0",
      "from": "cheerio@>=0.19.0 <0.20.0",
      "resolved": "https://registry.npmjs.org/cheerio/-/cheerio-0.19.0.tgz"
    },
    "cli": {
      "version": "0.6.6",
      "from": "cli@>=0.6.0 <0.7.0",
      "resolved": "https://registry.npmjs.org/cli/-/cli-0.6.6.tgz"
    },
    "collapse-whitespace": {
      "version": "1.1.2",
      "from": "collapse-whitespace@1.1.2",
      "resolved": "https://registry.npmjs.org/collapse-whitespace/-/collapse-whitespace-1.1.2.tgz"
    },
    "combined-stream": {
      "version": "1.0.5",
      "from": "combined-stream@>=1.0.5 <1.1.0",
      "resolved": "https://registry.npmjs.org/combined-stream/-/combined-stream-1.0.5.tgz"
    },
    "commander": {
      "version": "2.9.0",
      "from": "commander@>=2.9.0 <3.0.0",
      "resolved": "https://registry.npmjs.org/commander/-/commander-2.9.0.tgz"
    },
    "concat-map": {
      "version": "0.0.1",
      "from": "concat-map@0.0.1",
      "resolved": "https://registry.npmjs.org/concat-map/-/concat-map-0.0.1.tgz"
    },
    "console-browserify": {
      "version": "1.1.0",
      "from": "console-browserify@>=1.1.0 <1.2.0",
      "resolved": "https://registry.npmjs.org/console-browserify/-/console-browserify-1.1.0.tgz"
    },
    "core-util-is": {
      "version": "1.0.2",
      "from": "core-util-is@>=1.0.0 <1.1.0",
      "resolved": "https://registry.npmjs.org/core-util-is/-/core-util-is-1.0.2.tgz"
    },
    "cryptiles": {
      "version": "2.0.5",
      "from": "cryptiles@>=2.0.0 <3.0.0",
      "resolved": "https://registry.npmjs.org/cryptiles/-/cryptiles-2.0.5.tgz"
    },
    "css-select": {
      "version": "1.0.0",
      "from": "css-select@>=1.0.0 <1.1.0",
      "resolved": "https://registry.npmjs.org/css-select/-/css-select-1.0.0.tgz"
    },
    "css-what": {
      "version": "1.0.0",
      "from": "css-what@>=1.0.0 <1.1.0",
      "resolved": "https://registry.npmjs.org/css-what/-/css-what-1.0.0.tgz"
    },
    "cssom": {
      "version": "0.3.1",
      "from": "cssom@>=0.3.0 <0.4.0",
      "resolved": "https://registry.npmjs.org/cssom/-/cssom-0.3.1.tgz"
    },
    "cssstyle": {
      "version": "0.2.34",
      "from": "cssstyle@>=0.2.34 <0.3.0",
      "resolved": "https://registry.npmjs.org/cssstyle/-/cssstyle-0.2.34.tgz"
    },
    "dashdash": {
      "version": "1.13.1",
      "from": "dashdash@>=1.12.0 <2.0.0",
      "resolved": "https://registry.npmjs.org/dashdash/-/dashdash-1.13.1.tgz",
      "dependencies": {
        "assert-plus": {
          "version": "1.0.0",
          "from": "assert-plus@>=1.0.0 <2.0.0",
          "resolved": "https://registry.npmjs.org/assert-plus/-/assert-plus-1.0.0.tgz"
        }
      }
    },
    "date-now": {
      "version": "0.1.4",
      "from": "date-now@>=0.1.4 <0.2.0",
      "resolved": "https://registry.npmjs.org/date-now/-/date-now-0.1.4.tgz"
    },
    "deep-is": {
      "version": "0.1.3",
      "from": "deep-is@>=0.1.3 <0.2.0",
      "resolved": "https://registry.npmjs.org/deep-is/-/deep-is-0.1.3.tgz"
    },
    "delayed-stream": {
      "version": "1.0.0",
      "from": "delayed-stream@>=1.0.0 <1.1.0",
      "resolved": "https://registry.npmjs.org/delayed-stream/-/delayed-stream-1.0.0.tgz"
    },
    "dom-serializer": {
      "version": "0.1.0",
      "from": "dom-serializer@>=0.1.0 <0.2.0",
      "resolved": "https://registry.npmjs.org/dom-serializer/-/dom-serializer-0.1.0.tgz",
      "dependencies": {
        "domelementtype": {
          "version": "1.1.3",
          "from": "domelementtype@>=1.1.1 <1.2.0",
          "resolved": "https://registry.npmjs.org/domelementtype/-/domelementtype-1.1.3.tgz"
        }
      }
    },
    "domelementtype": {
      "version": "1.3.0",
      "from": "domelementtype@>=1.0.0 <2.0.0",
      "resolved": "https://registry.npmjs.org/domelementtype/-/domelementtype-1.3.0.tgz"
    },
    "domhandler": {
      "version": "2.3.0",
      "from": "domhandler@>=2.3.0 <2.4.0",
      "resolved": "https://registry.npmjs.org/domhandler/-/domhandler-2.3.0.tgz"
    },
    "domutils": {
      "version": "1.4.3",
      "from": "domutils@>=1.4.0 <1.5.0",
      "resolved": "https://registry.npmjs.org/domutils/-/domutils-1.4.3.tgz"
    },
    "ecc-jsbn": {
      "version": "0.1.1",
      "from": "ecc-jsbn@>=0.1.1 <0.2.0",
      "resolved": "https://registry.npmjs.org/ecc-jsbn/-/ecc-jsbn-0.1.1.tgz"
    },
    "entities": {
      "version": "1.1.1",
      "from": "entities@>=1.1.1 <1.2.0",
      "resolved": "https://registry.npmjs.org/entities/-/entities-1.1.1.tgz"
    },
    "escape-string-regexp": {
      "version": "1.0.5",
      "from": "escape-string-regexp@>=1.0.2 <2.0.0",
      "resolved": "https://registry.npmjs.org/escape-string-regexp/-/escape-string-regexp-1.0.5.tgz"
    },
    "escodegen": {
      "version": "1.8.0",
      "from": "escodegen@>=1.6.1 <2.0.0",
      "resolved": "https://registry.npmjs.org/escodegen/-/escodegen-1.8.0.tgz"
    },
    "esprima": {
      "version": "2.7.2",
      "from": "esprima@>=2.7.1 <3.0.0",
      "resolved": "https://registry.npmjs.org/esprima/-/esprima-2.7.2.tgz"
    },
    "estraverse": {
      "version": "1.9.3",
      "from": "estraverse@>=1.9.1 <2.0.0",
      "resolved": "https://registry.npmjs.org/estraverse/-/estraverse-1.9.3.tgz"
    },
    "esutils": {
      "version": "2.0.2",
      "from": "esutils@>=2.0.2 <3.0.0",
      "resolved": "https://registry.npmjs.org/esutils/-/esutils-2.0.2.tgz"
    },
    "exit": {
      "version": "0.1.2",
      "from": "exit@>=0.1.0 <0.2.0",
      "resolved": "https://registry.npmjs.org/exit/-/exit-0.1.2.tgz"
    },
    "extend": {
      "version": "3.0.0",
      "from": "extend@>=3.0.0 <3.1.0",
      "resolved": "https://registry.npmjs.org/extend/-/extend-3.0.0.tgz"
    },
    "extsprintf": {
      "version": "1.0.2",
      "from": "extsprintf@1.0.2",
      "resolved": "https://registry.npmjs.org/extsprintf/-/extsprintf-1.0.2.tgz"
    },
    "fast-levenshtein": {
      "version": "1.1.3",
      "from": "fast-levenshtein@>=1.1.0 <2.0.0",
      "resolved": "https://registry.npmjs.org/fast-levenshtein/-/fast-levenshtein-1.1.3.tgz"
    },
    "forever-agent": {
      "version": "0.6.1",
      "from": "forever-agent@>=0.6.1 <0.7.0",
      "resolved": "https://registry.npmjs.org/forever-agent/-/forever-agent-0.6.1.tgz"
    },
    "form-data": {
      "version": "1.0.0-rc4",
      "from": "form-data@>=1.0.0-rc3 <1.1.0",
      "resolved": "https://registry.npmjs.org/form-data/-/form-data-1.0.0-rc4.tgz"
    },
    "generate-function": {
      "version": "2.0.0",
      "from": "generate-function@>=2.0.0 <3.0.0",
      "resolved": "https://registry.npmjs.org/generate-function/-/generate-function-2.0.0.tgz"
    },
    "generate-object-property": {
      "version": "1.2.0",
      "from": "generate-object-property@>=1.1.0 <2.0.0",
      "resolved": "https://registry.npmjs.org/generate-object-property/-/generate-object-property-1.2.0.tgz"
    },
    "getpass": {
      "version": "0.1.6",
      "from": "getpass@>=0.1.1 <0.2.0",
      "resolved": "https://registry.npmjs.org/getpass/-/getpass-0.1.6.tgz",
      "dependencies": {
        "assert-plus": {
          "version": "1.0.0",
          "from": "assert-plus@>=1.0.0 <2.0.0",
          "resolved": "https://registry.npmjs.org/assert-plus/-/assert-plus-1.0.0.tgz"
        }
      }
    },
    "glob": {
      "version": "3.2.11",
      "from": "glob@>=3.2.1 <3.3.0",
      "resolved": "https://registry.npmjs.org/glob/-/glob-3.2.11.tgz",
      "dependencies": {
        "minimatch": {
          "version": "0.3.0",
          "from": "minimatch@>=0.3.0 <0.4.0",
          "resolved": "https://registry.npmjs.org/minimatch/-/minimatch-0.3.0.tgz"
        }
      }
    },
    "graceful-readlink": {
      "version": "1.0.1",
      "from": "graceful-readlink@>=1.0.0",
      "resolved": "https://registry.npmjs.org/graceful-readlink/-/graceful-readlink-1.0.1.tgz"
    },
    "har-validator": {
      "version": "2.0.6",
      "from": "har-validator@>=2.0.6 <2.1.0",
      "resolved": "https://registry.npmjs.org/har-validator/-/har-validator-2.0.6.tgz"
    },
    "has-ansi": {
      "version": "2.0.0",
      "from": "has-ansi@>=2.0.0 <3.0.0",
      "resolved": "https://registry.npmjs.org/has-ansi/-/has-ansi-2.0.0.tgz"
    },
    "hawk": {
      "version": "3.1.3",
      "from": "hawk@>=3.1.3 <3.2.0",
      "resolved": "https://registry.npmjs.org/hawk/-/hawk-3.1.3.tgz"
    },
    "hoek": {
      "version": "2.16.3",
      "from": "hoek@>=2.0.0 <3.0.0",
      "resolved": "https://registry.npmjs.org/hoek/-/hoek-2.16.3.tgz"
    },
    "htmlparser2": {
      "version": "3.8.3",
      "from": "htmlparser2@>=3.8.1 <3.9.0",
      "resolved": "https://registry.npmjs.org/htmlparser2/-/htmlparser2-3.8.3.tgz",
      "dependencies": {
        "domutils": {
          "version": "1.5.1",
          "from": "domutils@>=1.5.0 <1.6.0",
          "resolved": "https://registry.npmjs.org/domutils/-/domutils-1.5.1.tgz"
        },
        "entities": {
          "version": "1.0.0",
          "from": "entities@>=1.0.0 <1.1.0",
          "resolved": "https://registry.npmjs.org/entities/-/entities-1.0.0.tgz"
        }
      }
    },
    "http-signature": {
      "version": "1.1.1",
      "from": "http-signature@>=1.1.0 <1.2.0",
      "resolved": "https://registry.npmjs.org/http-signature/-/http-signature-1.1.1.tgz"
    },
    "iconv-lite": {
      "version": "0.4.13",
      "from": "iconv-lite@>=0.4.13 <0.5.0",
      "resolved": "https://registry.npmjs.org/iconv-lite/-/iconv-lite-0.4.13.tgz"
    },
    "inherits": {
      "version": "2.0.1",
      "from": "inherits@>=2.0.1 <2.1.0",
      "resolved": "https://registry.npmjs.org/inherits/-/inherits-2.0.1.tgz"
    },
    "is-my-json-valid": {
      "version": "2.13.1",
      "from": "is-my-json-valid@>=2.12.4 <3.0.0",
      "resolved": "https://registry.npmjs.org/is-my-json-valid/-/is-my-json-valid-2.13.1.tgz"
    },
    "is-property": {
      "version": "1.0.2",
      "from": "is-property@>=1.0.0 <2.0.0",
      "resolved": "https://registry.npmjs.org/is-property/-/is-property-1.0.2.tgz"
    },
    "is-typedarray": {
      "version": "1.0.0",
      "from": "is-typedarray@>=1.0.0 <1.1.0",
      "resolved": "https://registry.npmjs.org/is-typedarray/-/is-typedarray-1.0.0.tgz"
    },
    "isarray": {
      "version": "0.0.1",
      "from": "isarray@0.0.1",
      "resolved": "https://registry.npmjs.org/isarray/-/isarray-0.0.1.tgz"
    },
    "isstream": {
      "version": "0.1.2",
      "from": "isstream@>=0.1.2 <0.2.0",
      "resolved": "https://registry.npmjs.org/isstream/-/isstream-0.1.2.tgz"
    },
    "jodid25519": {
      "version": "1.0.2",
      "from": "jodid25519@>=1.0.0 <2.0.0",
      "resolved": "https://registry.npmjs.org/jodid25519/-/jodid25519-1.0.2.tgz"
    },
    "jsbn": {
      "version": "0.1.0",
      "from": "jsbn@>=0.1.0 <0.2.0",
      "resolved": "https://registry.npmjs.org/jsbn/-/jsbn-0.1.0.tgz"
    },
    "jsdom": {
      "version": "8.5.0",
      "from": "jsdom@>=8.1.0 <9.0.0",
      "resolved": "https://registry.npmjs.org/jsdom/-/jsdom-8.5.0.tgz"
    },
    "jshint": {
      "version": "2.9.2",
      "from": "jshint@>=2.8.0 <3.0.0",
      "resolved": "https://registry.npmjs.org/jshint/-/jshint-2.9.2.tgz",
      "dependencies": {
        "lodash": {
          "version": "3.7.0",
          "from": "lodash@>=3.7.0 <3.8.0",
          "resolved": "https://registry.npmjs.org/lodash/-/lodash-3.7.0.tgz"
        }
      }
    },
    "json-schema": {
      "version": "0.2.2",
      "from": "json-schema@0.2.2",
      "resolved": "https://registry.npmjs.org/json-schema/-/json-schema-0.2.2.tgz"
    },
    "json-stringify-safe": {
      "version": "5.0.1",
      "from": "json-stringify-safe@>=5.0.1 <5.1.0",
      "resolved": "https://registry.npmjs.org/json-stringify-safe/-/json-stringify-safe-5.0.1.tgz"
    },
    "jsonpointer": {
      "version": "2.0.0",
      "from": "jsonpointer@2.0.0",
      "resolved": "https://registry.npmjs.org/jsonpointer/-/jsonpointer-2.0.0.tgz"
    },
    "jsprim": {
      "version": "1.2.2",
      "from": "jsprim@>=1.2.2 <2.0.0",
      "resolved": "https://registry.npmjs.org/jsprim/-/jsprim-1.2.2.tgz"
    },
    "levn": {
      "version": "0.3.0",
      "from": "levn@>=0.3.0 <0.4.0",
      "resolved": "https://registry.npmjs.org/levn/-/levn-0.3.0.tgz"
    },
    "lodash": {
      "version": "3.10.1",
      "from": "lodash@>=3.2.0 <4.0.0",
      "resolved": "https://registry.npmjs.org/lodash/-/lodash-3.10.1.tgz"
    },
    "lru-cache": {
      "version": "2.7.3",
      "from": "lru-cache@>=2.0.0 <3.0.0",
      "resolved": "https://registry.npmjs.org/lru-cache/-/lru-cache-2.7.3.tgz"
    },
    "mime-db": {
      "version": "1.23.0",
      "from": "mime-db@>=1.23.0 <1.24.0",
      "resolved": "https://registry.npmjs.org/mime-db/-/mime-db-1.23.0.tgz"
    },
    "mime-types": {
      "version": "2.1.11",
      "from": "mime-types@>=2.1.7 <2.2.0",
      "resolved": "https://registry.npmjs.org/mime-types/-/mime-types-2.1.11.tgz"
    },
    "minimatch": {
      "version": "2.0.10",
      "from": "minimatch@>=2.0.0 <2.1.0",
      "resolved": "https://registry.npmjs.org/minimatch/-/minimatch-2.0.10.tgz"
    },
    "node-uuid": {
      "version": "1.4.7",
      "from": "node-uuid@>=1.4.7 <1.5.0",
      "resolved": "https://registry.npmjs.org/node-uuid/-/node-uuid-1.4.7.tgz"
    },
    "nth-check": {
      "version": "1.0.1",
      "from": "nth-check@>=1.0.0 <1.1.0",
      "resolved": "https://registry.npmjs.org/nth-check/-/nth-check-1.0.1.tgz"
    },
    "nwmatcher": {
      "version": "1.3.7",
      "from": "nwmatcher@>=1.3.7 <2.0.0",
      "resolved": "https://registry.npmjs.org/nwmatcher/-/nwmatcher-1.3.7.tgz"
    },
    "oauth-sign": {
      "version": "0.8.1",
      "from": "oauth-sign@>=0.8.1 <0.9.0",
      "resolved": "https://registry.npmjs.org/oauth-sign/-/oauth-sign-0.8.1.tgz"
    },
    "optionator": {
      "version": "0.8.1",
      "from": "optionator@>=0.8.1 <0.9.0",
      "resolved": "https://registry.npmjs.org/optionator/-/optionator-0.8.1.tgz"
    },
    "parse5": {
      "version": "1.5.1",
      "from": "parse5@>=1.5.1 <2.0.0",
      "resolved": "https://registry.npmjs.org/parse5/-/parse5-1.5.1.tgz"
    },
    "pinkie": {
      "version": "2.0.4",
      "from": "pinkie@>=2.0.0 <3.0.0",
      "resolved": "https://registry.npmjs.org/pinkie/-/pinkie-2.0.4.tgz"
    },
    "pinkie-promise": {
      "version": "2.0.1",
      "from": "pinkie-promise@>=2.0.0 <3.0.0",
      "resolved": "https://registry.npmjs.org/pinkie-promise/-/pinkie-promise-2.0.1.tgz"
    },
    "prelude-ls": {
      "version": "1.1.2",
      "from": "prelude-ls@>=1.1.2 <1.2.0",
      "resolved": "https://registry.npmjs.org/prelude-ls/-/prelude-ls-1.1.2.tgz"
    },
    "process-nextick-args": {
      "version": "1.0.6",
      "from": "process-nextick-args@>=1.0.6 <1.1.0",
      "resolved": "https://registry.npmjs.org/process-nextick-args/-/process-nextick-args-1.0.6.tgz"
    },
    "pseudomap": {
      "version": "1.0.2",
      "from": "pseudomap@>=1.0.1 <2.0.0",
      "resolved": "https://registry.npmjs.org/pseudomap/-/pseudomap-1.0.2.tgz"
    },
    "qs": {
      "version": "6.1.0",
      "from": "qs@>=6.1.0 <6.2.0",
      "resolved": "https://registry.npmjs.org/qs/-/qs-6.1.0.tgz"
    },
    "readable-stream": {
      "version": "1.1.14",
      "from": "readable-stream@>=1.1.0 <1.2.0",
      "resolved": "https://registry.npmjs.org/readable-stream/-/readable-stream-1.1.14.tgz"
    },
    "request": {
      "version": "2.72.0",
      "from": "request@>=2.67.0 <3.0.0",
      "resolved": "https://registry.npmjs.org/request/-/request-2.72.0.tgz"
    },
    "sax": {
      "version": "1.2.1",
      "from": "sax@>=1.1.4 <2.0.0",
      "resolved": "https://registry.npmjs.org/sax/-/sax-1.2.1.tgz"
    },
    "shelljs": {
      "version": "0.3.0",
      "from": "shelljs@>=0.3.0 <0.4.0",
      "resolved": "https://registry.npmjs.org/shelljs/-/shelljs-0.3.0.tgz"
    },
    "sigmund": {
      "version": "1.0.1",
      "from": "sigmund@>=1.0.0 <1.1.0",
      "resolved": "https://registry.npmjs.org/sigmund/-/sigmund-1.0.1.tgz"
    },
    "sntp": {
      "version": "1.0.9",
      "from": "sntp@>=1.0.0 <2.0.0",
      "resolved": "https://registry.npmjs.org/sntp/-/sntp-1.0.9.tgz"
    },
    "source-map": {
      "version": "0.2.0",
      "from": "source-map@>=0.2.0 <0.3.0",
      "resolved": "https://registry.npmjs.org/source-map/-/source-map-0.2.0.tgz"
    },
    "sshpk": {
      "version": "1.8.3",
      "from": "sshpk@>=1.7.0 <2.0.0",
      "resolved": "https://registry.npmjs.org/sshpk/-/sshpk-1.8.3.tgz",
      "dependencies": {
        "assert-plus": {
          "version": "1.0.0",
          "from": "assert-plus@>=1.0.0 <2.0.0",
          "resolved": "https://registry.npmjs.org/assert-plus/-/assert-plus-1.0.0.tgz"
        }
      }
    },
    "string_decoder": {
      "version": "0.10.31",
      "from": "string_decoder@>=0.10.0 <0.11.0",
      "resolved": "https://registry.npmjs.org/string_decoder/-/string_decoder-0.10.31.tgz"
    },
    "stringstream": {
      "version": "0.0.5",
      "from": "stringstream@>=0.0.4 <0.1.0",
      "resolved": "https://registry.npmjs.org/stringstream/-/stringstream-0.0.5.tgz"
    },
    "strip-ansi": {
      "version": "3.0.1",
      "from": "strip-ansi@>=3.0.0 <4.0.0",
      "resolved": "https://registry.npmjs.org/strip-ansi/-/strip-ansi-3.0.1.tgz"
    },
    "strip-json-comments": {
      "version": "1.0.4",
      "from": "strip-json-comments@>=1.0.0 <1.1.0",
      "resolved": "https://registry.npmjs.org/strip-json-comments/-/strip-json-comments-1.0.4.tgz"
    },
    "supports-color": {
      "version": "2.0.0",
      "from": "supports-color@>=2.0.0 <3.0.0",
      "resolved": "https://registry.npmjs.org/supports-color/-/supports-color-2.0.0.tgz"
    },
    "symbol-tree": {
      "version": "3.1.4",
      "from": "symbol-tree@>=3.1.0 <4.0.0",
      "resolved": "https://registry.npmjs.org/symbol-tree/-/symbol-tree-3.1.4.tgz"
    },
    "to-markdown": {
      "version": "2.1.0",
      "from": "to-markdown@>=2.0.1 <3.0.0",
      "resolved": "https://registry.npmjs.org/to-markdown/-/to-markdown-2.1.0.tgz"
    },
    "tough-cookie": {
      "version": "2.2.2",
      "from": "tough-cookie@>=2.2.0 <2.3.0",
      "resolved": "https://registry.npmjs.org/tough-cookie/-/tough-cookie-2.2.2.tgz"
    },
    "tr46": {
      "version": "0.0.3",
      "from": "tr46@>=0.0.3 <0.1.0",
      "resolved": "https://registry.npmjs.org/tr46/-/tr46-0.0.3.tgz"
    },
    "tunnel-agent": {
      "version": "0.4.2",
      "from": "tunnel-agent@>=0.4.1 <0.5.0",
      "resolved": "https://registry.npmjs.org/tunnel-agent/-/tunnel-agent-0.4.2.tgz"
    },
    "tweetnacl": {
      "version": "0.13.3",
      "from": "tweetnacl@>=0.13.0 <0.14.0",
      "resolved": "https://registry.npmjs.org/tweetnacl/-/tweetnacl-0.13.3.tgz"
    },
    "type-check": {
      "version": "0.3.2",
      "from": "type-check@>=0.3.2 <0.4.0",
      "resolved": "https://registry.npmjs.org/type-check/-/type-check-0.3.2.tgz"
    },
    "util-deprecate": {
      "version": "1.0.2",
      "from": "util-deprecate@>=1.0.1 <1.1.0",
      "resolved": "https://registry.npmjs.org/util-deprecate/-/util-deprecate-1.0.2.tgz"
    },
    "verror": {
      "version": "1.3.6",
      "from": "verror@1.3.6",
      "resolved": "https://registry.npmjs.org/verror/-/verror-1.3.6.tgz"
    },
    "void-elements": {
      "version": "2.0.1",
      "from": "void-elements@>=2.0.1 <3.0.0",
      "resolved": "https://registry.npmjs.org/void-elements/-/void-elements-2.0.1.tgz"
    },
    "webidl-conversions": {
      "version": "3.0.1",
      "from": "webidl-conversions@>=3.0.1 <4.0.0",
      "resolved": "https://registry.npmjs.org/webidl-conversions/-/webidl-conversions-3.0.1.tgz"
    },
    "whatwg-url": {
      "version": "2.0.1",
      "from": "whatwg-url@>=2.0.1 <3.0.0",
      "resolved": "https://registry.npmjs.org/whatwg-url/-/whatwg-url-2.0.1.tgz"
    },
    "wordwrap": {
      "version": "1.0.0",
      "from": "wordwrap@>=1.0.0 <1.1.0",
      "resolved": "https://registry.npmjs.org/wordwrap/-/wordwrap-1.0.0.tgz"
    },
    "xml-name-validator": {
      "version": "2.0.1",
      "from": "xml-name-validator@>=2.0.1 <3.0.0",
      "resolved": "https://registry.npmjs.org/xml-name-validator/-/xml-name-validator-2.0.1.tgz"
    },
    "xtend": {
      "version": "4.0.1",
      "from": "xtend@>=4.0.0 <5.0.0",
      "resolved": "https://registry.npmjs.org/xtend/-/xtend-4.0.1.tgz"
    },
    "yallist": {
      "version": "2.0.0",
      "from": "yallist@>=2.0.0 <3.0.0",
      "resolved": "https://registry.npmjs.org/yallist/-/yallist-2.0.0.tgz"
    }
  }
}
